
Microsoft Visual Studio Solution File, Format Version 12.00
# Visual Studio 15
VisualStudioVersion = 15.0.27703.2047
MinimumVisualStudioVersion = 10.0.40219.1
Project("{FAE04EC0-301F-11D3-BF4B-00C04F79EFBC}") = "ServicesWMI", "ServicesWMI\ServicesWMI.csproj", "{59934BA6-A496-4359-83C7-AC7B08265280}"
EndProject
Global
	GlobalSection(SolutionConfigurationPlatforms) = preSolution
		Debug|Any CPU = Debug|Any CPU
		Release|Any CPU = Release|Any CPU
	EndGlobalSection
	GlobalSection(ProjectConfigurationPlatforms) = postSolution
		{59934BA6-A496-4359-83C7-AC7B08265280}.Debug|Any CPU.ActiveCfg = Debug|Any CPU
		{59934BA6-A496-4359-83C7-AC7B08265280}.Debug|Any CPU.Build.0 = Debug|Any CPU
		{59934BA6-A496-4359-83C7-AC7B08265280}.Release|Any CPU.ActiveCfg = Release|Any CPU
		{59934BA6-A496-4359-83C7-AC7B08265280}.Release|Any CPU.Build.0 = Release|Any CPU
	EndGlobalSection
	GlobalSection(SolutionProperties) = preSolution
		HideSolutionNode = FALSE
	EndGlobalSection
	GlobalSection(ExtensibilityGlobals) = postSolution
		SolutionGuid = {4D565F4F-6B50-4B12-BC69-5251AFAF54AF}
	EndGlobalSection
EndGlobal
